
Microsoft Visual Studio Solution File, Format Version 12.00
# Visual Studio Version 17
VisualStudioVersion = 17.11.35222.181
MinimumVisualStudioVersion = 10.0.40219.1
Project("{FAE04EC0-301F-11D3-BF4B-00C04F79EFBC}") = "mdkPraktika12", "mdkPraktika12\mdkPraktika12.csproj", "{FCE357ED-0E92-4FD7-9791-66E6D84F23A0}"
EndProject
Global
	GlobalSection(SolutionConfigurationPlatforms) = preSolution
		Debug|Any CPU = Debug|Any CPU
		Release|Any CPU = Release|Any CPU
	EndGlobalSection
	GlobalSection(ProjectConfigurationPlatforms) = postSolution
		{FCE357ED-0E92-4FD7-9791-66E6D84F23A0}.Debug|Any CPU.ActiveCfg = Debug|Any CPU
		{FCE357ED-0E92-4FD7-9791-66E6D84F23A0}.Debug|Any CPU.Build.0 = Debug|Any CPU
		{FCE357ED-0E92-4FD7-9791-66E6D84F23A0}.Release|Any CPU.ActiveCfg = Release|Any CPU
		{FCE357ED-0E92-4FD7-9791-66E6D84F23A0}.Release|Any CPU.Build.0 = Release|Any CPU
	EndGlobalSection
	GlobalSection(SolutionProperties) = preSolution
		HideSolutionNode = FALSE
	EndGlobalSection
	GlobalSection(ExtensibilityGlobals) = postSolution
		SolutionGuid = {CAB78148-87CA-4C60-82C3-B2726091A70A}
	EndGlobalSection
EndGlobal
